
Microsoft Visual Studio Solution File, Format Version 12.00
# Visual Studio Version 17
VisualStudioVersion = 17.2.32505.173
MinimumVisualStudioVersion = 10.0.40219.1
Project("{FAE04EC0-301F-11D3-BF4B-00C04F79EFBC}") = "Assignment_2", "Assignment_2\Assignment_2.csproj", "{03563B00-1C09-430A-8A2B-0BAF3C684617}"
EndProject
Project("{FAE04EC0-301F-11D3-BF4B-00C04F79EFBC}") = "Assignment_2.Tests", "Assignment_2.Tests\Assignment_2.Tests.csproj", "{E069BABE-CF03-4762-9105-34B285399131}"
EndProject
Global
	GlobalSection(SolutionConfigurationPlatforms) = preSolution
		Debug|Any CPU = Debug|Any CPU
		Release|Any CPU = Release|Any CPU
	EndGlobalSection
	GlobalSection(ProjectConfigurationPlatforms) = postSolution
		{03563B00-1C09-430A-8A2B-0BAF3C684617}.Debug|Any CPU.ActiveCfg = Debug|Any CPU
		{03563B00-1C09-430A-8A2B-0BAF3C684617}.Debug|Any CPU.Build.0 = Debug|Any CPU
		{03563B00-1C09-430A-8A2B-0BAF3C684617}.Release|Any CPU.ActiveCfg = Release|Any CPU
		{03563B00-1C09-430A-8A2B-0BAF3C684617}.Release|Any CPU.Build.0 = Release|Any CPU
		{E069BABE-CF03-4762-9105-34B285399131}.Debug|Any CPU.ActiveCfg = Debug|Any CPU
		{E069BABE-CF03-4762-9105-34B285399131}.Debug|Any CPU.Build.0 = Debug|Any CPU
		{E069BABE-CF03-4762-9105-34B285399131}.Release|Any CPU.ActiveCfg = Release|Any CPU
		{E069BABE-CF03-4762-9105-34B285399131}.Release|Any CPU.Build.0 = Release|Any CPU
	EndGlobalSection
	GlobalSection(SolutionProperties) = preSolution
		HideSolutionNode = FALSE
	EndGlobalSection
	GlobalSection(ExtensibilityGlobals) = postSolution
		SolutionGuid = {823B574E-50BF-47A4-BE6F-9258E31AF951}
	EndGlobalSection
EndGlobal
